Microsoft Visual Studio Solution File, Format Version 11.00
# Visual Studio 2008

Project("{9A8F7235-4FB4-79B8-5E5C-21C5A34C6465}") = "coop-bouncing", "Assembly-CSharp.csproj", "{1B347C35-3EA5-B9CC-57D6-03D7A8FA56BF}"
EndProject
Project("{9A8F7235-4FB4-79B8-5E5C-21C5A34C6465}") = "coop-bouncing", "Assembly-CSharp-Editor.csproj", "{812562C5-115F-A253-CFF8-566AAED4F293}"
EndProject
Global
	GlobalSection(SolutionConfigurationPlatforms) = preSolution
		Debug|Any CPU = Debug|Any CPU
		Release|Any CPU = Release|Any CPU
	EndGlobalSection
	GlobalSection(ProjectConfigurationPlatforms) = postSolution
		{1B347C35-3EA5-B9CC-57D6-03D7A8FA56BF}.Debug|Any CPU.ActiveCfg = Debug|Any CPU
		{1B347C35-3EA5-B9CC-57D6-03D7A8FA56BF}.Debug|Any CPU.Build.0 = Debug|Any CPU
		{1B347C35-3EA5-B9CC-57D6-03D7A8FA56BF}.Release|Any CPU.ActiveCfg = Release|Any CPU
		{1B347C35-3EA5-B9CC-57D6-03D7A8FA56BF}.Release|Any CPU.Build.0 = Release|Any CPU
		{812562C5-115F-A253-CFF8-566AAED4F293}.Debug|Any CPU.ActiveCfg = Debug|Any CPU
		{812562C5-115F-A253-CFF8-566AAED4F293}.Debug|Any CPU.Build.0 = Debug|Any CPU
		{812562C5-115F-A253-CFF8-566AAED4F293}.Release|Any CPU.ActiveCfg = Release|Any CPU
		{812562C5-115F-A253-CFF8-566AAED4F293}.Release|Any CPU.Build.0 = Release|Any CPU
	EndGlobalSection
	GlobalSection(SolutionProperties) = preSolution
		HideSolutionNode = FALSE
	EndGlobalSection
																									GlobalSection(MonoDevelopProperties) = preSolution
		StartupItem = Assembly-CSharp.csproj
		Policies = $0
		$0.TextStylePolicy = $1
		$1.inheritsSet = null
		$1.scope = text/x-csharp
		$0.CSharpFormattingPolicy = $2
		$2.inheritsSet = Mono
		$2.inheritsScope = text/x-csharp
		$2.scope = text/x-csharp
		$0.TextStylePolicy = $3
		$3.FileWidth = 120
		$3.TabWidth = 4
		$3.EolMarker = Unix
		$3.inheritsSet = Mono
		$3.inheritsScope = text/plain
		$3.scope = text/plain
	EndGlobalSection

EndGlobal
